
Microsoft Visual Studio Solution File, Format Version 12.00
# Visual Studio 15
VisualStudioVersion = 15.0.27703.2042
MinimumVisualStudioVersion = 10.0.40219.1
Project("{FAE04EC0-301F-11D3-BF4B-00C04F79EFBC}") = "Sort_Shell", "Sort_Shell\Sort_Shell.csproj", "{1498382A-4C68-40BD-BDA0-E71991133AD0}"
EndProject
Global
	GlobalSection(SolutionConfigurationPlatforms) = preSolution
		Debug|Any CPU = Debug|Any CPU
		Release|Any CPU = Release|Any CPU
	EndGlobalSection
	GlobalSection(ProjectConfigurationPlatforms) = postSolution
		{1498382A-4C68-40BD-BDA0-E71991133AD0}.Debug|Any CPU.ActiveCfg = Debug|Any CPU
		{1498382A-4C68-40BD-BDA0-E71991133AD0}.Debug|Any CPU.Build.0 = Debug|Any CPU
		{1498382A-4C68-40BD-BDA0-E71991133AD0}.Release|Any CPU.ActiveCfg = Release|Any CPU
		{1498382A-4C68-40BD-BDA0-E71991133AD0}.Release|Any CPU.Build.0 = Release|Any CPU
	EndGlobalSection
	GlobalSection(SolutionProperties) = preSolution
		HideSolutionNode = FALSE
	EndGlobalSection
	GlobalSection(ExtensibilityGlobals) = postSolution
		SolutionGuid = {F06C6155-CA5D-4C60-BF09-772411DD9744}
	EndGlobalSection
EndGlobal
